
Microsoft Visual Studio Solution File, Format Version 12.00
# Visual Studio Version 17
VisualStudioVersion = 17.6.33723.286
MinimumVisualStudioVersion = 10.0.40219.1
Project("{FAE04EC0-301F-11D3-BF4B-00C04F79EFBC}") = "Control_Ventas", "Control_Ventas\Control_Ventas.csproj", "{125A0709-6389-4EDF-98AE-BA68BBF3656E}"
EndProject
Global
	GlobalSection(SolutionConfigurationPlatforms) = preSolution
		Debug|Any CPU = Debug|Any CPU
		Release|Any CPU = Release|Any CPU
	EndGlobalSection
	GlobalSection(ProjectConfigurationPlatforms) = postSolution
		{125A0709-6389-4EDF-98AE-BA68BBF3656E}.Debug|Any CPU.ActiveCfg = Debug|Any CPU
		{125A0709-6389-4EDF-98AE-BA68BBF3656E}.Debug|Any CPU.Build.0 = Debug|Any CPU
		{125A0709-6389-4EDF-98AE-BA68BBF3656E}.Release|Any CPU.ActiveCfg = Release|Any CPU
		{125A0709-6389-4EDF-98AE-BA68BBF3656E}.Release|Any CPU.Build.0 = Release|Any CPU
	EndGlobalSection
	GlobalSection(SolutionProperties) = preSolution
		HideSolutionNode = FALSE
	EndGlobalSection
	GlobalSection(ExtensibilityGlobals) = postSolution
		SolutionGuid = {E0136A7A-BF04-4AD3-AF9D-07621D20D69A}
	EndGlobalSection
EndGlobal
